
Microsoft Visual Studio Solution File, Format Version 12.00
# Visual Studio 15
VisualStudioVersion = 15.0.27130.2027
MinimumVisualStudioVersion = 10.0.40219.1
Project("{888888A0-9F3D-457C-B088-3A5042F75D52}") = "RealAlienInvasion", "RealAlienInvasion\RealAlienInvasion.pyproj", "{98701509-28BE-4F31-9EC2-23C276A66462}"
EndProject
Project("{54435603-DBB4-11D2-8724-00A0C9A8B90C}") = "AlienAttack", "AlienAttack\AlienAttack.vdproj", "{E93E5F3F-326A-433C-A311-76F983D9D8F6}"
EndProject
Global
	GlobalSection(SolutionConfigurationPlatforms) = preSolution
		Debug|Any CPU = Debug|Any CPU
		Release|Any CPU = Release|Any CPU
	EndGlobalSection
	GlobalSection(ProjectConfigurationPlatforms) = postSolution
		{98701509-28BE-4F31-9EC2-23C276A66462}.Debug|Any CPU.ActiveCfg = Debug|Any CPU
		{98701509-28BE-4F31-9EC2-23C276A66462}.Release|Any CPU.ActiveCfg = Release|Any CPU
		{E93E5F3F-326A-433C-A311-76F983D9D8F6}.Debug|Any CPU.ActiveCfg = Debug
		{E93E5F3F-326A-433C-A311-76F983D9D8F6}.Release|Any CPU.ActiveCfg = Release
	EndGlobalSection
	GlobalSection(SolutionProperties) = preSolution
		HideSolutionNode = FALSE
	EndGlobalSection
	GlobalSection(ExtensibilityGlobals) = postSolution
		SolutionGuid = {610E6BEB-8422-4C52-944C-9687C6702E93}
	EndGlobalSection
EndGlobal
